
Microsoft Visual Studio Solution File, Format Version 12.00
# Visual Studio Version 16
VisualStudioVersion = 16.0.29728.190
MinimumVisualStudioVersion = 10.0.40219.1
Project("{FAE04EC0-301F-11D3-BF4B-00C04F79EFBC}") = "GUI_16", "GUI_16\GUI_16.csproj", "{F17245ED-630B-4A4E-9800-C4EC0B45162A}"
EndProject
Global
	GlobalSection(SolutionConfigurationPlatforms) = preSolution
		Debug|Any CPU = Debug|Any CPU
		Release|Any CPU = Release|Any CPU
	EndGlobalSection
	GlobalSection(ProjectConfigurationPlatforms) = postSolution
		{F17245ED-630B-4A4E-9800-C4EC0B45162A}.Debug|Any CPU.ActiveCfg = Debug|Any CPU
		{F17245ED-630B-4A4E-9800-C4EC0B45162A}.Debug|Any CPU.Build.0 = Debug|Any CPU
		{F17245ED-630B-4A4E-9800-C4EC0B45162A}.Release|Any CPU.ActiveCfg = Release|Any CPU
		{F17245ED-630B-4A4E-9800-C4EC0B45162A}.Release|Any CPU.Build.0 = Release|Any CPU
	EndGlobalSection
	GlobalSection(SolutionProperties) = preSolution
		HideSolutionNode = FALSE
	EndGlobalSection
	GlobalSection(ExtensibilityGlobals) = postSolution
		SolutionGuid = {464F6D50-A942-4916-B60E-D5CFAD61258A}
	EndGlobalSection
EndGlobal
